
Microsoft Visual Studio Solution File, Format Version 12.00
# Visual Studio Version 17
VisualStudioVersion = 17.11.35327.3
MinimumVisualStudioVersion = 10.0.40219.1
Project("{FAE04EC0-301F-11D3-BF4B-00C04F79EFBC}") = "LR1.SLN", "LR1.SLN\LR1.SLN.csproj", "{73615ECF-1FA0-4AFB-8B71-94C836417C44}"
EndProject
Global
	GlobalSection(SolutionConfigurationPlatforms) = preSolution
		Debug|Any CPU = Debug|Any CPU
		Release|Any CPU = Release|Any CPU
	EndGlobalSection
	GlobalSection(ProjectConfigurationPlatforms) = postSolution
		{73615ECF-1FA0-4AFB-8B71-94C836417C44}.Debug|Any CPU.ActiveCfg = Debug|Any CPU
		{73615ECF-1FA0-4AFB-8B71-94C836417C44}.Debug|Any CPU.Build.0 = Debug|Any CPU
		{73615ECF-1FA0-4AFB-8B71-94C836417C44}.Release|Any CPU.ActiveCfg = Release|Any CPU
		{73615ECF-1FA0-4AFB-8B71-94C836417C44}.Release|Any CPU.Build.0 = Release|Any CPU
	EndGlobalSection
	GlobalSection(SolutionProperties) = preSolution
		HideSolutionNode = FALSE
	EndGlobalSection
	GlobalSection(ExtensibilityGlobals) = postSolution
		SolutionGuid = {D24FC32E-F359-4777-A1BE-DF7061AAE8F8}
	EndGlobalSection
EndGlobal
